
Microsoft Visual Studio Solution File, Format Version 12.00
# Visual Studio Version 17
VisualStudioVersion = 17.6.33723.286
MinimumVisualStudioVersion = 10.0.40219.1
Project("{9A19103F-16F7-4668-BE54-9A1E7A4F7556}") = "LINQPracticeMinis", "LINQPracticeMinis\LINQPracticeMinis.csproj", "{ED86A083-98C4-4E20-806B-49ED60FD8577}"
EndProject
Project("{FAE04EC0-301F-11D3-BF4B-00C04F79EFBC}") = "LINQPracticeMinis.Tests", "LINQPracticeMinis.Tests\LINQPracticeMinis.Tests.csproj", "{34772A32-F92F-4F16-BC68-0C0260395189}"
EndProject
Global
	GlobalSection(SolutionConfigurationPlatforms) = preSolution
		Debug|Any CPU = Debug|Any CPU
		Release|Any CPU = Release|Any CPU
	EndGlobalSection
	GlobalSection(ProjectConfigurationPlatforms) = postSolution
		{ED86A083-98C4-4E20-806B-49ED60FD8577}.Debug|Any CPU.ActiveCfg = Debug|Any CPU
		{ED86A083-98C4-4E20-806B-49ED60FD8577}.Debug|Any CPU.Build.0 = Debug|Any CPU
		{ED86A083-98C4-4E20-806B-49ED60FD8577}.Release|Any CPU.ActiveCfg = Release|Any CPU
		{ED86A083-98C4-4E20-806B-49ED60FD8577}.Release|Any CPU.Build.0 = Release|Any CPU
		{34772A32-F92F-4F16-BC68-0C0260395189}.Debug|Any CPU.ActiveCfg = Debug|Any CPU
		{34772A32-F92F-4F16-BC68-0C0260395189}.Debug|Any CPU.Build.0 = Debug|Any CPU
		{34772A32-F92F-4F16-BC68-0C0260395189}.Release|Any CPU.ActiveCfg = Release|Any CPU
		{34772A32-F92F-4F16-BC68-0C0260395189}.Release|Any CPU.Build.0 = Release|Any CPU
	EndGlobalSection
	GlobalSection(SolutionProperties) = preSolution
		HideSolutionNode = FALSE
	EndGlobalSection
	GlobalSection(ExtensibilityGlobals) = postSolution
		SolutionGuid = {B4B2F0BC-C158-49C8-8A46-5196DB4A86E3}
	EndGlobalSection
EndGlobal
