
Microsoft Visual Studio Solution File, Format Version 12.00
# Visual Studio Version 17
VisualStudioVersion = 17.7.34031.279
MinimumVisualStudioVersion = 10.0.40219.1
Project("{FAE04EC0-301F-11D3-BF4B-00C04F79EFBC}") = "CSVExample", "CSVExample.csproj", "{47A3EAD5-11DD-425B-AC79-AA1BE895B99B}"
EndProject
Global
	GlobalSection(SolutionConfigurationPlatforms) = preSolution
		Debug|Any CPU = Debug|Any CPU
		Release|Any CPU = Release|Any CPU
	EndGlobalSection
	GlobalSection(ProjectConfigurationPlatforms) = postSolution
		{47A3EAD5-11DD-425B-AC79-AA1BE895B99B}.Debug|Any CPU.ActiveCfg = Debug|Any CPU
		{47A3EAD5-11DD-425B-AC79-AA1BE895B99B}.Debug|Any CPU.Build.0 = Debug|Any CPU
		{47A3EAD5-11DD-425B-AC79-AA1BE895B99B}.Release|Any CPU.ActiveCfg = Release|Any CPU
		{47A3EAD5-11DD-425B-AC79-AA1BE895B99B}.Release|Any CPU.Build.0 = Release|Any CPU
	EndGlobalSection
	GlobalSection(SolutionProperties) = preSolution
		HideSolutionNode = FALSE
	EndGlobalSection
	GlobalSection(ExtensibilityGlobals) = postSolution
		SolutionGuid = {C518226D-BA42-4E3F-9A01-74D0EB8C4BAA}
	EndGlobalSection
EndGlobal
