
Microsoft Visual Studio Solution File, Format Version 12.00
# Visual Studio Version 17
VisualStudioVersion = 17.8.34309.116
MinimumVisualStudioVersion = 10.0.40219.1
Project("{FAE04EC0-301F-11D3-BF4B-00C04F79EFBC}") = "EntityFrameworkQueries", "EntityFrameworkQueries.csproj", "{AE0A1572-0A10-4085-9C44-06BD7E369386}"
EndProject
Global
	GlobalSection(SolutionConfigurationPlatforms) = preSolution
		Debug|Any CPU = Debug|Any CPU
		Release|Any CPU = Release|Any CPU
	EndGlobalSection
	GlobalSection(ProjectConfigurationPlatforms) = postSolution
		{AE0A1572-0A10-4085-9C44-06BD7E369386}.Debug|Any CPU.ActiveCfg = Debug|Any CPU
		{AE0A1572-0A10-4085-9C44-06BD7E369386}.Debug|Any CPU.Build.0 = Debug|Any CPU
		{AE0A1572-0A10-4085-9C44-06BD7E369386}.Release|Any CPU.ActiveCfg = Release|Any CPU
		{AE0A1572-0A10-4085-9C44-06BD7E369386}.Release|Any CPU.Build.0 = Release|Any CPU
	EndGlobalSection
	GlobalSection(SolutionProperties) = preSolution
		HideSolutionNode = FALSE
	EndGlobalSection
	GlobalSection(ExtensibilityGlobals) = postSolution
		SolutionGuid = {2EE0BAFB-6B56-4AC2-9986-AEE6A6CAECF3}
	EndGlobalSection
EndGlobal
