
Microsoft Visual Studio Solution File, Format Version 12.00
# Visual Studio Version 17
VisualStudioVersion = 17.6.33723.286
MinimumVisualStudioVersion = 10.0.40219.1
Project("{FAE04EC0-301F-11D3-BF4B-00C04F79EFBC}") = "LINQExamples", "LINQExamples.csproj", "{221B4F96-7A64-42E5-A2A2-DF724E740D2E}"
EndProject
Global
	GlobalSection(SolutionConfigurationPlatforms) = preSolution
		Debug|Any CPU = Debug|Any CPU
		Release|Any CPU = Release|Any CPU
	EndGlobalSection
	GlobalSection(ProjectConfigurationPlatforms) = postSolution
		{221B4F96-7A64-42E5-A2A2-DF724E740D2E}.Debug|Any CPU.ActiveCfg = Debug|Any CPU
		{221B4F96-7A64-42E5-A2A2-DF724E740D2E}.Debug|Any CPU.Build.0 = Debug|Any CPU
		{221B4F96-7A64-42E5-A2A2-DF724E740D2E}.Release|Any CPU.ActiveCfg = Release|Any CPU
		{221B4F96-7A64-42E5-A2A2-DF724E740D2E}.Release|Any CPU.Build.0 = Release|Any CPU
	EndGlobalSection
	GlobalSection(SolutionProperties) = preSolution
		HideSolutionNode = FALSE
	EndGlobalSection
	GlobalSection(ExtensibilityGlobals) = postSolution
		SolutionGuid = {6796EED8-98D1-430F-B1C1-2BA6B26A5E67}
	EndGlobalSection
EndGlobal
