
Microsoft Visual Studio Solution File, Format Version 12.00
# Visual Studio Version 17
VisualStudioVersion = 17.12.35527.113 d17.12
MinimumVisualStudioVersion = 10.0.40219.1
Project("{FAE04EC0-301F-11D3-BF4B-00C04F79EFBC}") = "EntityFrameworkDBFirst", "EntityFrameworkDBFirst.csproj", "{9B120C68-DF6F-40A0-96DF-A66CF9F304E7}"
EndProject
Global
	GlobalSection(SolutionConfigurationPlatforms) = preSolution
		Debug|Any CPU = Debug|Any CPU
		Release|Any CPU = Release|Any CPU
	EndGlobalSection
	GlobalSection(ProjectConfigurationPlatforms) = postSolution
		{9B120C68-DF6F-40A0-96DF-A66CF9F304E7}.Debug|Any CPU.ActiveCfg = Debug|Any CPU
		{9B120C68-DF6F-40A0-96DF-A66CF9F304E7}.Debug|Any CPU.Build.0 = Debug|Any CPU
		{9B120C68-DF6F-40A0-96DF-A66CF9F304E7}.Release|Any CPU.ActiveCfg = Release|Any CPU
		{9B120C68-DF6F-40A0-96DF-A66CF9F304E7}.Release|Any CPU.Build.0 = Release|Any CPU
	EndGlobalSection
	GlobalSection(SolutionProperties) = preSolution
		HideSolutionNode = FALSE
	EndGlobalSection
EndGlobal
